{
  "name": "x402-ports-spec",
  "lockfileVersion": 3,
  "requires": true,
  "packages": {
    "": {
      "name": "x402-ports-spec",
      "dependencies": {
        "@profullstack/x402-gateway": "0.3.0"
      }
    },
    "node_modules/@profullstack/x402-gateway": {
      "version": "0.3.0",
      "resolved": "https://registry.npmjs.org/@profullstack/x402-gateway/-/x402-gateway-0.3.0.tgz",
      "integrity": "sha512-aaSMdtVInaAD6te/RnNnnqZW2+oo/dUsOTFTJCl0hOn58s85Yw3vZGk3KCtZmjrwV2O2rdTjKlZjbKp3CGgntw==",
      "license": "MIT",
      "engines": {
        "node": ">=20.11"
      }
    }
  }
}
